
Microsoft Visual Studio Solution File, Format Version 12.00
# Visual Studio Version 16
VisualStudioVersion = 16.0.30330.147
MinimumVisualStudioVersion = 10.0.40219.1
Project("{F184B08F-C81C-45F6-A57F-5ABD9991F28F}") = "firebase_app_452", "firebase_app_452\firebase_app_452.vbproj", "{0AF023FB-CCD4-4E1B-9223-D739FDDFEC94}"
EndProject
Project("{54435603-DBB4-11D2-8724-00A0C9A8B90C}") = "SetupThesis", "SetupThesis\SetupThesis.vdproj", "{01216210-3C69-4D70-885A-065C44CE7490}"
EndProject
Global
	GlobalSection(SolutionConfigurationPlatforms) = preSolution
		Debug|Any CPU = Debug|Any CPU
		Release|Any CPU = Release|Any CPU
	EndGlobalSection
	GlobalSection(ProjectConfigurationPlatforms) = postSolution
		{0AF023FB-CCD4-4E1B-9223-D739FDDFEC94}.Debug|Any CPU.ActiveCfg = Debug|Any CPU
		{0AF023FB-CCD4-4E1B-9223-D739FDDFEC94}.Debug|Any CPU.Build.0 = Debug|Any CPU
		{0AF023FB-CCD4-4E1B-9223-D739FDDFEC94}.Release|Any CPU.ActiveCfg = Release|Any CPU
		{0AF023FB-CCD4-4E1B-9223-D739FDDFEC94}.Release|Any CPU.Build.0 = Release|Any CPU
		{01216210-3C69-4D70-885A-065C44CE7490}.Debug|Any CPU.ActiveCfg = Debug
		{01216210-3C69-4D70-885A-065C44CE7490}.Release|Any CPU.ActiveCfg = Release
	EndGlobalSection
	GlobalSection(SolutionProperties) = preSolution
		HideSolutionNode = FALSE
	EndGlobalSection
	GlobalSection(ExtensibilityGlobals) = postSolution
		SolutionGuid = {D1019856-9FF5-4E48-9346-B770A29C6F55}
	EndGlobalSection
EndGlobal
